
Microsoft Visual Studio Solution File, Format Version 12.00
# Visual Studio Version 17
VisualStudioVersion = 17.8.34525.116
MinimumVisualStudioVersion = 10.0.40219.1
Project("{8BC9CEB8-8B4A-11D0-8D11-00A0C91BC942}") = "Core", "Core\Core.vcxproj", "{5BE6A8F5-F699-4CDF-977B-4A39BADB4C7E}"
	ProjectSection(ProjectDependencies) = postProject
		{5DE381F5-8E4E-436F-A282-E83DBA07E590} = {5DE381F5-8E4E-436F-A282-E83DBA07E590}
	EndProjectSection
EndProject
Project("{8BC9CEB8-8B4A-11D0-8D11-00A0C91BC942}") = "Editor", "Editor\Editor.vcxproj", "{D0066274-5A43-4890-B7FD-98E8CBF29EE2}"
	ProjectSection(ProjectDependencies) = postProject
		{5BE6A8F5-F699-4CDF-977B-4A39BADB4C7E} = {5BE6A8F5-F699-4CDF-977B-4A39BADB4C7E}
		{65031099-7331-4AEF-9DA1-D07EFC4C99EC} = {65031099-7331-4AEF-9DA1-D07EFC4C99EC}
	EndProjectSection
EndProject
Project("{8BC9CEB8-8B4A-11D0-8D11-00A0C91BC942}") = "MathTests", "MathTests\MathTests.vcxproj", "{D04554BA-8BA9-4881-9D28-C2975F95A850}"
EndProject
Project("{8BC9CEB8-8B4A-11D0-8D11-00A0C91BC942}") = "CoreTests", "CoreTests\CoreTests.vcxproj", "{58F5F225-2FFD-4A38-AF6E-91E70710A1EB}"
EndProject
Project("{9A19103F-16F7-4668-BE54-9A1E7A4F7556}") = "ExampleGame", "ExampleGame\ExampleGame.csproj", "{65031099-7331-4AEF-9DA1-D07EFC4C99EC}"
EndProject
Project("{9A19103F-16F7-4668-BE54-9A1E7A4F7556}") = "CoreManaged", "CoreManaged\CoreManaged.csproj", "{84E7B6CB-C782-42E1-A9EA-7DC3D0445BEA}"
	ProjectSection(ProjectDependencies) = postProject
		{438E06E0-E545-4961-A08C-FDA11B21C979} = {438E06E0-E545-4961-A08C-FDA11B21C979}
		{5BE6A8F5-F699-4CDF-977B-4A39BADB4C7E} = {5BE6A8F5-F699-4CDF-977B-4A39BADB4C7E}
	EndProjectSection
EndProject
Project("{2150E333-8FDC-42A3-9474-1A3956D46DE8}") = "C++", "C++", "{CE81F4EE-FCC3-41E0-8F86-5DA9A9B3E257}"
EndProject
Project("{2150E333-8FDC-42A3-9474-1A3956D46DE8}") = ".NET", ".NET", "{5765B98F-CA2B-4CAC-B6FD-E62C4D9E0301}"
EndProject
Project("{8BC9CEB8-8B4A-11D0-8D11-00A0C91BC942}") = "CoreNative", "CoreNative\CoreNative.vcxproj", "{438E06E0-E545-4961-A08C-FDA11B21C979}"
	ProjectSection(ProjectDependencies) = postProject
		{5BE6A8F5-F699-4CDF-977B-4A39BADB4C7E} = {5BE6A8F5-F699-4CDF-977B-4A39BADB4C7E}
	EndProjectSection
EndProject
Project("{9A19103F-16F7-4668-BE54-9A1E7A4F7556}") = "CoreManagedTests", "CoreManagedTests\CoreManagedTests.csproj", "{18A7E517-13C4-44EE-8254-B0B8EC8F7991}"
	ProjectSection(ProjectDependencies) = postProject
		{84E7B6CB-C782-42E1-A9EA-7DC3D0445BEA} = {84E7B6CB-C782-42E1-A9EA-7DC3D0445BEA}
	EndProjectSection
EndProject
Project("{8BC9CEB8-8B4A-11D0-8D11-00A0C91BC942}") = "CoreLibs", "CoreLibs\CoreLibs.vcxproj", "{5DE381F5-8E4E-436F-A282-E83DBA07E590}"
EndProject
Global
	GlobalSection(SolutionConfigurationPlatforms) = preSolution
		Debug|Any CPU = Debug|Any CPU
		Debug|x64 = Debug|x64
		Release|Any CPU = Release|Any CPU
		Release|x64 = Release|x64
	EndGlobalSection
	GlobalSection(ProjectConfigurationPlatforms) = postSolution
		{5BE6A8F5-F699-4CDF-977B-4A39BADB4C7E}.Debug|Any CPU.ActiveCfg = Debug|x64
		{5BE6A8F5-F699-4CDF-977B-4A39BADB4C7E}.Debug|Any CPU.Build.0 = Debug|x64
		{5BE6A8F5-F699-4CDF-977B-4A39BADB4C7E}.Debug|x64.ActiveCfg = Debug|x64
		{5BE6A8F5-F699-4CDF-977B-4A39BADB4C7E}.Debug|x64.Build.0 = Debug|x64
		{5BE6A8F5-F699-4CDF-977B-4A39BADB4C7E}.Release|Any CPU.ActiveCfg = Release|x64
		{5BE6A8F5-F699-4CDF-977B-4A39BADB4C7E}.Release|Any CPU.Build.0 = Release|x64
		{5BE6A8F5-F699-4CDF-977B-4A39BADB4C7E}.Release|x64.ActiveCfg = Release|x64
		{5BE6A8F5-F699-4CDF-977B-4A39BADB4C7E}.Release|x64.Build.0 = Release|x64
		{D0066274-5A43-4890-B7FD-98E8CBF29EE2}.Debug|Any CPU.ActiveCfg = Debug|x64
		{D0066274-5A43-4890-B7FD-98E8CBF29EE2}.Debug|Any CPU.Build.0 = Debug|x64
		{D0066274-5A43-4890-B7FD-98E8CBF29EE2}.Debug|x64.ActiveCfg = Debug|x64
		{D0066274-5A43-4890-B7FD-98E8CBF29EE2}.Debug|x64.Build.0 = Debug|x64
		{D0066274-5A43-4890-B7FD-98E8CBF29EE2}.Release|Any CPU.ActiveCfg = Release|x64
		{D0066274-5A43-4890-B7FD-98E8CBF29EE2}.Release|Any CPU.Build.0 = Release|x64
		{D0066274-5A43-4890-B7FD-98E8CBF29EE2}.Release|x64.ActiveCfg = Release|x64
		{D0066274-5A43-4890-B7FD-98E8CBF29EE2}.Release|x64.Build.0 = Release|x64
		{D04554BA-8BA9-4881-9D28-C2975F95A850}.Debug|Any CPU.ActiveCfg = Debug|x64
		{D04554BA-8BA9-4881-9D28-C2975F95A850}.Debug|Any CPU.Build.0 = Debug|x64
		{D04554BA-8BA9-4881-9D28-C2975F95A850}.Debug|x64.ActiveCfg = Debug|x64
		{D04554BA-8BA9-4881-9D28-C2975F95A850}.Debug|x64.Build.0 = Debug|x64
		{D04554BA-8BA9-4881-9D28-C2975F95A850}.Release|Any CPU.ActiveCfg = Release|x64
		{D04554BA-8BA9-4881-9D28-C2975F95A850}.Release|Any CPU.Build.0 = Release|x64
		{D04554BA-8BA9-4881-9D28-C2975F95A850}.Release|x64.ActiveCfg = Release|x64
		{D04554BA-8BA9-4881-9D28-C2975F95A850}.Release|x64.Build.0 = Release|x64
		{58F5F225-2FFD-4A38-AF6E-91E70710A1EB}.Debug|Any CPU.ActiveCfg = Debug|x64
		{58F5F225-2FFD-4A38-AF6E-91E70710A1EB}.Debug|Any CPU.Build.0 = Debug|x64
		{58F5F225-2FFD-4A38-AF6E-91E70710A1EB}.Debug|x64.ActiveCfg = Debug|x64
		{58F5F225-2FFD-4A38-AF6E-91E70710A1EB}.Debug|x64.Build.0 = Debug|x64
		{58F5F225-2FFD-4A38-AF6E-91E70710A1EB}.Release|Any CPU.ActiveCfg = Release|x64
		{58F5F225-2FFD-4A38-AF6E-91E70710A1EB}.Release|Any CPU.Build.0 = Release|x64
		{58F5F225-2FFD-4A38-AF6E-91E70710A1EB}.Release|x64.ActiveCfg = Release|x64
		{58F5F225-2FFD-4A38-AF6E-91E70710A1EB}.Release|x64.Build.0 = Release|x64
		{65031099-7331-4AEF-9DA1-D07EFC4C99EC}.Debug|Any CPU.ActiveCfg = Debug|Any CPU
		{65031099-7331-4AEF-9DA1-D07EFC4C99EC}.Debug|Any CPU.Build.0 = Debug|Any CPU
		{65031099-7331-4AEF-9DA1-D07EFC4C99EC}.Debug|x64.ActiveCfg = Debug|Any CPU
		{65031099-7331-4AEF-9DA1-D07EFC4C99EC}.Debug|x64.Build.0 = Debug|Any CPU
		{65031099-7331-4AEF-9DA1-D07EFC4C99EC}.Release|Any CPU.ActiveCfg = Release|Any CPU
		{65031099-7331-4AEF-9DA1-D07EFC4C99EC}.Release|Any CPU.Build.0 = Release|Any CPU
		{65031099-7331-4AEF-9DA1-D07EFC4C99EC}.Release|x64.ActiveCfg = Release|Any CPU
		{65031099-7331-4AEF-9DA1-D07EFC4C99EC}.Release|x64.Build.0 = Release|Any CPU
		{84E7B6CB-C782-42E1-A9EA-7DC3D0445BEA}.Debug|Any CPU.ActiveCfg = Debug|Any CPU
		{84E7B6CB-C782-42E1-A9EA-7DC3D0445BEA}.Debug|Any CPU.Build.0 = Debug|Any CPU
		{84E7B6CB-C782-42E1-A9EA-7DC3D0445BEA}.Debug|x64.ActiveCfg = Debug|Any CPU
		{84E7B6CB-C782-42E1-A9EA-7DC3D0445BEA}.Debug|x64.Build.0 = Debug|Any CPU
		{84E7B6CB-C782-42E1-A9EA-7DC3D0445BEA}.Release|Any CPU.ActiveCfg = Release|Any CPU
		{84E7B6CB-C782-42E1-A9EA-7DC3D0445BEA}.Release|Any CPU.Build.0 = Release|Any CPU
		{84E7B6CB-C782-42E1-A9EA-7DC3D0445BEA}.Release|x64.ActiveCfg = Release|Any CPU
		{84E7B6CB-C782-42E1-A9EA-7DC3D0445BEA}.Release|x64.Build.0 = Release|Any CPU
		{438E06E0-E545-4961-A08C-FDA11B21C979}.Debug|Any CPU.ActiveCfg = Debug|x64
		{438E06E0-E545-4961-A08C-FDA11B21C979}.Debug|Any CPU.Build.0 = Debug|x64
		{438E06E0-E545-4961-A08C-FDA11B21C979}.Debug|x64.ActiveCfg = Debug|x64
		{438E06E0-E545-4961-A08C-FDA11B21C979}.Debug|x64.Build.0 = Debug|x64
		{438E06E0-E545-4961-A08C-FDA11B21C979}.Release|Any CPU.ActiveCfg = Release|x64
		{438E06E0-E545-4961-A08C-FDA11B21C979}.Release|Any CPU.Build.0 = Release|x64
		{438E06E0-E545-4961-A08C-FDA11B21C979}.Release|x64.ActiveCfg = Release|x64
		{438E06E0-E545-4961-A08C-FDA11B21C979}.Release|x64.Build.0 = Release|x64
		{18A7E517-13C4-44EE-8254-B0B8EC8F7991}.Debug|Any CPU.ActiveCfg = Debug|Any CPU
		{18A7E517-13C4-44EE-8254-B0B8EC8F7991}.Debug|Any CPU.Build.0 = Debug|Any CPU
		{18A7E517-13C4-44EE-8254-B0B8EC8F7991}.Debug|x64.ActiveCfg = Debug|Any CPU
		{18A7E517-13C4-44EE-8254-B0B8EC8F7991}.Debug|x64.Build.0 = Debug|Any CPU
		{18A7E517-13C4-44EE-8254-B0B8EC8F7991}.Release|Any CPU.ActiveCfg = Release|Any CPU
		{18A7E517-13C4-44EE-8254-B0B8EC8F7991}.Release|Any CPU.Build.0 = Release|Any CPU
		{18A7E517-13C4-44EE-8254-B0B8EC8F7991}.Release|x64.ActiveCfg = Release|Any CPU
		{18A7E517-13C4-44EE-8254-B0B8EC8F7991}.Release|x64.Build.0 = Release|Any CPU
		{5DE381F5-8E4E-436F-A282-E83DBA07E590}.Debug|Any CPU.ActiveCfg = Debug|x64
		{5DE381F5-8E4E-436F-A282-E83DBA07E590}.Debug|Any CPU.Build.0 = Debug|x64
		{5DE381F5-8E4E-436F-A282-E83DBA07E590}.Debug|x64.ActiveCfg = Debug|x64
		{5DE381F5-8E4E-436F-A282-E83DBA07E590}.Debug|x64.Build.0 = Debug|x64
		{5DE381F5-8E4E-436F-A282-E83DBA07E590}.Release|Any CPU.ActiveCfg = Release|x64
		{5DE381F5-8E4E-436F-A282-E83DBA07E590}.Release|Any CPU.Build.0 = Release|x64
		{5DE381F5-8E4E-436F-A282-E83DBA07E590}.Release|x64.ActiveCfg = Release|x64
		{5DE381F5-8E4E-436F-A282-E83DBA07E590}.Release|x64.Build.0 = Release|x64
	EndGlobalSection
	GlobalSection(SolutionProperties) = preSolution
		HideSolutionNode = FALSE
	EndGlobalSection
	GlobalSection(NestedProjects) = preSolution
		{5BE6A8F5-F699-4CDF-977B-4A39BADB4C7E} = {CE81F4EE-FCC3-41E0-8F86-5DA9A9B3E257}
		{D0066274-5A43-4890-B7FD-98E8CBF29EE2} = {CE81F4EE-FCC3-41E0-8F86-5DA9A9B3E257}
		{D04554BA-8BA9-4881-9D28-C2975F95A850} = {CE81F4EE-FCC3-41E0-8F86-5DA9A9B3E257}
		{58F5F225-2FFD-4A38-AF6E-91E70710A1EB} = {CE81F4EE-FCC3-41E0-8F86-5DA9A9B3E257}
		{65031099-7331-4AEF-9DA1-D07EFC4C99EC} = {5765B98F-CA2B-4CAC-B6FD-E62C4D9E0301}
		{84E7B6CB-C782-42E1-A9EA-7DC3D0445BEA} = {5765B98F-CA2B-4CAC-B6FD-E62C4D9E0301}
		{438E06E0-E545-4961-A08C-FDA11B21C979} = {5765B98F-CA2B-4CAC-B6FD-E62C4D9E0301}
		{18A7E517-13C4-44EE-8254-B0B8EC8F7991} = {5765B98F-CA2B-4CAC-B6FD-E62C4D9E0301}
		{5DE381F5-8E4E-436F-A282-E83DBA07E590} = {CE81F4EE-FCC3-41E0-8F86-5DA9A9B3E257}
	EndGlobalSection
	GlobalSection(ExtensibilityGlobals) = postSolution
		SolutionGuid = {E5CBB4CA-6E04-40D7-8492-E29CA5133AB9}
	EndGlobalSection
EndGlobal
